
Microsoft Visual Studio Solution File, Format Version 12.00
# Visual Studio Version 16
VisualStudioVersion = 16.0.31410.357
MinimumVisualStudioVersion = 10.0.40219.1
Project("{FAE04EC0-301F-11D3-BF4B-00C04F79EFBC}") = "BookCar", "BookCar\BookCar.csproj", "{D0AB66DA-B35C-410C-95CD-FB9B4A3EE12B}"
EndProject
Global
	GlobalSection(SolutionConfigurationPlatforms) = preSolution
		Debug|Any CPU = Debug|Any CPU
		Release|Any CPU = Release|Any CPU
	EndGlobalSection
	GlobalSection(ProjectConfigurationPlatforms) = postSolution
		{D0AB66DA-B35C-410C-95CD-FB9B4A3EE12B}.Debug|Any CPU.ActiveCfg = Debug|Any CPU
		{D0AB66DA-B35C-410C-95CD-FB9B4A3EE12B}.Debug|Any CPU.Build.0 = Debug|Any CPU
		{D0AB66DA-B35C-410C-95CD-FB9B4A3EE12B}.Release|Any CPU.ActiveCfg = Release|Any CPU
		{D0AB66DA-B35C-410C-95CD-FB9B4A3EE12B}.Release|Any CPU.Build.0 = Release|Any CPU
	EndGlobalSection
	GlobalSection(SolutionProperties) = preSolution
		HideSolutionNode = FALSE
	EndGlobalSection
	GlobalSection(ExtensibilityGlobals) = postSolution
		SolutionGuid = {267F6B5B-DF65-4484-BEB6-33F20A897E40}
	EndGlobalSection
EndGlobal
